
Microsoft Visual Studio Solution File, Format Version 12.00
# Visual Studio Version 17
VisualStudioVersion = 17.7.34024.191
MinimumVisualStudioVersion = 10.0.40219.1
Project("{FAE04EC0-301F-11D3-BF4B-00C04F79EFBC}") = "SecondTry", "SecondTry\SecondTry.csproj", "{C0E590AB-BBD4-41F1-9415-6FA50FE57034}"
EndProject
Global
	GlobalSection(SolutionConfigurationPlatforms) = preSolution
		Debug|Any CPU = Debug|Any CPU
		Release|Any CPU = Release|Any CPU
	EndGlobalSection
	GlobalSection(ProjectConfigurationPlatforms) = postSolution
		{C0E590AB-BBD4-41F1-9415-6FA50FE57034}.Debug|Any CPU.ActiveCfg = Debug|Any CPU
		{C0E590AB-BBD4-41F1-9415-6FA50FE57034}.Debug|Any CPU.Build.0 = Debug|Any CPU
		{C0E590AB-BBD4-41F1-9415-6FA50FE57034}.Release|Any CPU.ActiveCfg = Release|Any CPU
		{C0E590AB-BBD4-41F1-9415-6FA50FE57034}.Release|Any CPU.Build.0 = Release|Any CPU
	EndGlobalSection
	GlobalSection(SolutionProperties) = preSolution
		HideSolutionNode = FALSE
	EndGlobalSection
	GlobalSection(ExtensibilityGlobals) = postSolution
		SolutionGuid = {991D6B1B-98D4-4094-A1BA-D2F6DD4E916C}
	EndGlobalSection
EndGlobal
